<?xml version="1.0" encoding="utf-8"?>
<Project ToolsVersion="4.0" xmlns="http://schemas.microsoft.com/developer/msbuild/2003">
  <ItemGroup>
    <Filter Include="소스 파일">
      <UniqueIdentifier>{4FC737F1-C7A5-4376-A066-2A32D752A2FF}</UniqueIdentifier>
      <Extensions>cpp;c;cc;cxx;c++;cppm;ixx;def;odl;idl;hpj;bat;asm;asmx</Extensions>
    </Filter>
    <Filter Include="헤더 파일">
      <UniqueIdentifier>{93995380-89BD-4b04-88EB-625FBE52EBFB}</UniqueIdentifier>
      <Extensions>h;hh;hpp;hxx;h++;hm;inl;inc;ipp;xsd</Extensions>
    </Filter>
    <Filter Include="리소스 파일">
      <UniqueIdentifier>{67DA6AB6-F800-4c08-8B7A-83BB121AAD01}</UniqueIdentifier>
      <Extensions>rc;ico;cur;bmp;dlg;rc2;rct;bin;rgs;gif;jpg;jpeg;jpe;resx;tiff;tif;png;wav;mfcribbon-ms</Extensions>
    </Filter>
  </ItemGroup>
  <ItemGroup>
    <ClInclude Include="Framework.h">
      <Filter>헤더 파일</Filter>
    </ClInclude>
    <ClInclude Include="targetver.h">
      <Filter>헤더 파일</Filter>
    </ClInclude>
    <ClInclude Include="Resource.h">
      <Filter>헤더 파일</Filter>
    </ClInclude>
    <ClInclude Include="Project1.h">
      <Filter>헤더 파일</Filter>
    </ClInclude>
    <ClInclude Include="Libraries\ImGui\dirent\dirent.h">
      <Filter>헤더 파일</Filter>
    </ClInclude>
    <ClInclude Include="Libraries\ImGui\imconfig.h">
      <Filter>헤더 파일</Filter>
    </ClInclude>
    <ClInclude Include="Libraries\ImGui\imgui.h">
      <Filter>헤더 파일</Filter>
    </ClInclude>
    <ClInclude Include="Libraries\ImGui\imgui_impl_dx11.h">
      <Filter>헤더 파일</Filter>
    </ClInclude>
    <ClInclude Include="Libraries\ImGui\imgui_impl_win32.h">
      <Filter>헤더 파일</Filter>
    </ClInclude>
    <ClInclude Include="Libraries\ImGui\imgui_internal.h">
      <Filter>헤더 파일</Filter>
    </ClInclude>
    <ClInclude Include="Libraries\ImGui\ImGuiFileDialog.h">
      <Filter>헤더 파일</Filter>
    </ClInclude>
    <ClInclude Include="Libraries\ImGui\ImGuiFileDialogConfig.h">
      <Filter>헤더 파일</Filter>
    </ClInclude>
    <ClInclude Include="FrameWork\Buffer\ConstBuffer.h">
      <Filter>헤더 파일</Filter>
    </ClInclude>
    <ClInclude Include="FrameWork\Buffer\GlobalBuffer.h">
      <Filter>헤더 파일</Filter>
    </ClInclude>
    <ClInclude Include="FrameWork\Buffer\IndexBuffer.h">
      <Filter>헤더 파일</Filter>
    </ClInclude>
    <ClInclude Include="FrameWork\Buffer\RawBuffer.h">
      <Filter>헤더 파일</Filter>
    </ClInclude>
    <ClInclude Include="FrameWork\Buffer\StructuredBuffer.h">
      <Filter>헤더 파일</Filter>
    </ClInclude>
    <ClInclude Include="FrameWork\Buffer\VertexBuffer.h">
      <Filter>헤더 파일</Filter>
    </ClInclude>
    <ClInclude Include="FrameWork\Buffer\VertexLayout.h">
      <Filter>헤더 파일</Filter>
    </ClInclude>
    <ClInclude Include="FrameWork\Collision\BoxCollider.h">
      <Filter>헤더 파일</Filter>
    </ClInclude>
    <ClInclude Include="FrameWork\Collision\CapsuleCollider.h">
      <Filter>헤더 파일</Filter>
    </ClInclude>
    <ClInclude Include="FrameWork\Collision\Collider.h">
      <Filter>헤더 파일</Filter>
    </ClInclude>
    <ClInclude Include="FrameWork\Collision\SphereCollider.h">
      <Filter>헤더 파일</Filter>
    </ClInclude>
    <ClInclude Include="FrameWork\Device\Device.h">
      <Filter>헤더 파일</Filter>
    </ClInclude>
    <ClInclude Include="FrameWork\Enviroment\Camera.h">
      <Filter>헤더 파일</Filter>
    </ClInclude>
    <ClInclude Include="FrameWork\Enviroment\Environment.h">
      <Filter>헤더 파일</Filter>
    </ClInclude>
    <ClInclude Include="FrameWork\Math\GameMath.h">
      <Filter>헤더 파일</Filter>
    </ClInclude>
    <ClInclude Include="FrameWork\Math\Transform.h">
      <Filter>헤더 파일</Filter>
    </ClInclude>
    <ClInclude Include="FrameWork\Math\Vector3.h">
      <Filter>헤더 파일</Filter>
    </ClInclude>
    <ClInclude Include="FrameWork\Model\Model.h">
      <Filter>헤더 파일</Filter>
    </ClInclude>
    <ClInclude Include="FrameWork\Model\ModelInstancing.h">
      <Filter>헤더 파일</Filter>
    </ClInclude>
    <ClInclude Include="FrameWork\Model\ModelMesh.h">
      <Filter>헤더 파일</Filter>
    </ClInclude>
    <ClInclude Include="FrameWork\Model\ModelReader.h">
      <Filter>헤더 파일</Filter>
    </ClInclude>
    <ClInclude Include="FrameWork\Model\ModelType.h">
      <Filter>헤더 파일</Filter>
    </ClInclude>
    <ClInclude Include="FrameWork\Render\Material.h">
      <Filter>헤더 파일</Filter>
    </ClInclude>
    <ClInclude Include="FrameWork\Render\Mesh.h">
      <Filter>헤더 파일</Filter>
    </ClInclude>
    <ClInclude Include="FrameWork\Render\Texture.h">
      <Filter>헤더 파일</Filter>
    </ClInclude>
    <ClInclude Include="FrameWork\Shader\ComputeShader.h">
      <Filter>헤더 파일</Filter>
    </ClInclude>
    <ClInclude Include="FrameWork\Shader\PixelShader.h">
      <Filter>헤더 파일</Filter>
    </ClInclude>
    <ClInclude Include="FrameWork\Shader\Shader.h">
      <Filter>헤더 파일</Filter>
    </ClInclude>
    <ClInclude Include="FrameWork\Shader\VertexShader.h">
      <Filter>헤더 파일</Filter>
    </ClInclude>
    <ClInclude Include="FrameWork\State\BlendState.h">
      <Filter>헤더 파일</Filter>
    </ClInclude>
    <ClInclude Include="FrameWork\State\DepthStencilState.h">
      <Filter>헤더 파일</Filter>
    </ClInclude>
    <ClInclude Include="FrameWork\State\RasterizerState.h">
      <Filter>헤더 파일</Filter>
    </ClInclude>
    <ClInclude Include="FrameWork\State\SamplerState.h">
      <Filter>헤더 파일</Filter>
    </ClInclude>
    <ClInclude Include="FrameWork\Utility\BinaryReader.h">
      <Filter>헤더 파일</Filter>
    </ClInclude>
    <ClInclude Include="FrameWork\Utility\BinaryWriter.h">
      <Filter>헤더 파일</Filter>
    </ClInclude>
    <ClInclude Include="FrameWork\Utility\Singleton.h">
      <Filter>헤더 파일</Filter>
    </ClInclude>
    <ClInclude Include="Algorithm\AStar.h">
      <Filter>헤더 파일</Filter>
    </ClInclude>
    <ClInclude Include="Algorithm\Heap.h">
      <Filter>헤더 파일</Filter>
    </ClInclude>
    <ClInclude Include="Algorithm\Node.h">
      <Filter>헤더 파일</Filter>
    </ClInclude>
    <ClInclude Include="Managers\GameManager.h">
      <Filter>헤더 파일</Filter>
    </ClInclude>
    <ClInclude Include="Managers\SceneManager.h">
      <Filter>헤더 파일</Filter>
    </ClInclude>
    <ClInclude Include="Objects\2D\Anime_2D\Anime_2D.h">
      <Filter>헤더 파일</Filter>
    </ClInclude>
    <ClInclude Include="Objects\Basic\Cube.h">
      <Filter>헤더 파일</Filter>
    </ClInclude>
    <ClInclude Include="Objects\Basic\GameObject.h">
      <Filter>헤더 파일</Filter>
    </ClInclude>
    <ClInclude Include="Objects\Basic\Grid.h">
      <Filter>헤더 파일</Filter>
    </ClInclude>
    <ClInclude Include="Objects\Basic\ModelObject.h">
      <Filter>헤더 파일</Filter>
    </ClInclude>
    <ClInclude Include="Objects\Basic\Quad.h">
      <Filter>헤더 파일</Filter>
    </ClInclude>
    <ClInclude Include="Objects\Basic\Sphere.h">
      <Filter>헤더 파일</Filter>
    </ClInclude>
    <ClInclude Include="Objects\Character\Character\HW_Character_Transform.h">
      <Filter>헤더 파일</Filter>
    </ClInclude>
    <ClInclude Include="Objects\Character\Character\HW_Hero.h">
      <Filter>헤더 파일</Filter>
    </ClInclude>
    <ClInclude Include="Objects\Character\Monster\PackMan_Monster\HW_Packman_Monster.h">
      <Filter>헤더 파일</Filter>
    </ClInclude>
    <ClInclude Include="Objects\Character\HW_Basic_Character.h">
      <Filter>헤더 파일</Filter>
    </ClInclude>
    <ClInclude Include="Objects\DataManager\DataManager.h">
      <Filter>헤더 파일</Filter>
    </ClInclude>
    <ClInclude Include="Objects\Dungeon\HW_Dungeon.h">
      <Filter>헤더 파일</Filter>
    </ClInclude>
    <ClInclude Include="Objects\Dungeon\HW_Pacman_Map.h">
      <Filter>헤더 파일</Filter>
    </ClInclude>
    <ClInclude Include="Objects\LandScape\Terrain.h">
      <Filter>헤더 파일</Filter>
    </ClInclude>
    <ClInclude Include="Objects\Material\Material_File_Manager.h">
      <Filter>헤더 파일</Filter>
    </ClInclude>
    <ClInclude Include="Objects\Object\Collider\HW_RectCollider.h">
      <Filter>헤더 파일</Filter>
    </ClInclude>
    <ClInclude Include="Objects\Object\HW_Objects.h">
      <Filter>헤더 파일</Filter>
    </ClInclude>
    <ClInclude Include="Objects\Singleton\HW_Map_Manager.h">
      <Filter>헤더 파일</Filter>
    </ClInclude>
    <ClInclude Include="Objects\Singleton\HW_Object_Character.h">
      <Filter>헤더 파일</Filter>
    </ClInclude>
    <ClInclude Include="Scene\GridScene.h">
      <Filter>헤더 파일</Filter>
    </ClInclude>
    <ClInclude Include="Scene\HW_Scene.h">
      <Filter>헤더 파일</Filter>
    </ClInclude>
    <ClInclude Include="Scene\Scene.h">
      <Filter>헤더 파일</Filter>
    </ClInclude>
  </ItemGroup>
  <ItemGroup>
    <ClCompile Include="Project1.cpp">
      <Filter>소스 파일</Filter>
    </ClCompile>
    <ClCompile Include="Framework.cpp">
      <Filter>소스 파일</Filter>
    </ClCompile>
    <ClCompile Include="Libraries\ImGui\ImGuiFileDialog.cpp">
      <Filter>소스 파일</Filter>
    </ClCompile>
    <ClCompile Include="FrameWork\Buffer\ConstBuffer.cpp">
      <Filter>소스 파일</Filter>
    </ClCompile>
    <ClCompile Include="FrameWork\Buffer\IndexBuffer.cpp">
      <Filter>소스 파일</Filter>
    </ClCompile>
    <ClCompile Include="FrameWork\Buffer\RawBuffer.cpp">
      <Filter>소스 파일</Filter>
    </ClCompile>
    <ClCompile Include="FrameWork\Buffer\StructuredBuffer.cpp">
      <Filter>소스 파일</Filter>
    </ClCompile>
    <ClCompile Include="FrameWork\Buffer\VertexBuffer.cpp">
      <Filter>소스 파일</Filter>
    </ClCompile>
    <ClCompile Include="FrameWork\Collision\BoxCollider.cpp">
      <Filter>소스 파일</Filter>
    </ClCompile>
    <ClCompile Include="FrameWork\Collision\CapsuleCollider.cpp">
      <Filter>소스 파일</Filter>
    </ClCompile>
    <ClCompile Include="FrameWork\Collision\Collider.cpp">
      <Filter>소스 파일</Filter>
    </ClCompile>
    <ClCompile Include="FrameWork\Collision\SphereCollider.cpp">
      <Filter>소스 파일</Filter>
    </ClCompile>
    <ClCompile Include="FrameWork\Device\Device.cpp">
      <Filter>소스 파일</Filter>
    </ClCompile>
    <ClCompile Include="FrameWork\Enviroment\Camera.cpp">
      <Filter>소스 파일</Filter>
    </ClCompile>
    <ClCompile Include="FrameWork\Enviroment\Environment.cpp">
      <Filter>소스 파일</Filter>
    </ClCompile>
    <ClCompile Include="FrameWork\Math\GameMath.cpp">
      <Filter>소스 파일</Filter>
    </ClCompile>
    <ClCompile Include="FrameWork\Math\Transform.cpp">
      <Filter>소스 파일</Filter>
    </ClCompile>
    <ClCompile Include="FrameWork\Model\Model.cpp">
      <Filter>소스 파일</Filter>
    </ClCompile>
    <ClCompile Include="FrameWork\Model\ModelInstancing.cpp">
      <Filter>소스 파일</Filter>
    </ClCompile>
    <ClCompile Include="FrameWork\Model\ModelMesh.cpp">
      <Filter>소스 파일</Filter>
    </ClCompile>
    <ClCompile Include="FrameWork\Model\ModelReader.cpp">
      <Filter>소스 파일</Filter>
    </ClCompile>
    <ClCompile Include="FrameWork\Render\Material.cpp">
      <Filter>소스 파일</Filter>
    </ClCompile>
    <ClCompile Include="FrameWork\Render\Mesh.cpp">
      <Filter>소스 파일</Filter>
    </ClCompile>
    <ClCompile Include="FrameWork\Render\Texture.cpp">
      <Filter>소스 파일</Filter>
    </ClCompile>
    <ClCompile Include="FrameWork\Shader\ComputeShader.cpp">
      <Filter>소스 파일</Filter>
    </ClCompile>
    <ClCompile Include="FrameWork\Shader\PixelShader.cpp">
      <Filter>소스 파일</Filter>
    </ClCompile>
    <ClCompile Include="FrameWork\Shader\Shader.cpp">
      <Filter>소스 파일</Filter>
    </ClCompile>
    <ClCompile Include="FrameWork\Shader\VertexShader.cpp">
      <Filter>소스 파일</Filter>
    </ClCompile>
    <ClCompile Include="FrameWork\State\BlendState.cpp">
      <Filter>소스 파일</Filter>
    </ClCompile>
    <ClCompile Include="FrameWork\State\DepthStencilState.cpp">
      <Filter>소스 파일</Filter>
    </ClCompile>
    <ClCompile Include="FrameWork\State\RasterizerState.cpp">
      <Filter>소스 파일</Filter>
    </ClCompile>
    <ClCompile Include="FrameWork\State\SamplerState.cpp">
      <Filter>소스 파일</Filter>
    </ClCompile>
    <ClCompile Include="FrameWork\Utility\BinaryReader.cpp">
      <Filter>소스 파일</Filter>
    </ClCompile>
    <ClCompile Include="FrameWork\Utility\BinaryWriter.cpp">
      <Filter>소스 파일</Filter>
    </ClCompile>
    <ClCompile Include="FrameWork\Utility\Utility.cpp">
      <Filter>소스 파일</Filter>
    </ClCompile>
    <ClCompile Include="Algorithm\AStar.cpp">
      <Filter>소스 파일</Filter>
    </ClCompile>
    <ClCompile Include="Algorithm\Heap.cpp">
      <Filter>소스 파일</Filter>
    </ClCompile>
    <ClCompile Include="Algorithm\Node.cpp">
      <Filter>소스 파일</Filter>
    </ClCompile>
    <ClCompile Include="Managers\GameManager.cpp">
      <Filter>소스 파일</Filter>
    </ClCompile>
    <ClCompile Include="Managers\SceneManager.cpp">
      <Filter>소스 파일</Filter>
    </ClCompile>
    <ClCompile Include="Objects\2D\Anime_2D\Anime_2D.cpp">
      <Filter>소스 파일</Filter>
    </ClCompile>
    <ClCompile Include="Objects\Basic\Cube.cpp">
      <Filter>소스 파일</Filter>
    </ClCompile>
    <ClCompile Include="Objects\Basic\GameObject.cpp">
      <Filter>소스 파일</Filter>
    </ClCompile>
    <ClCompile Include="Objects\Basic\Grid.cpp">
      <Filter>소스 파일</Filter>
    </ClCompile>
    <ClCompile Include="Objects\Basic\ModelObject.cpp">
      <Filter>소스 파일</Filter>
    </ClCompile>
    <ClCompile Include="Objects\Basic\Quad.cpp">
      <Filter>소스 파일</Filter>
    </ClCompile>
    <ClCompile Include="Objects\Basic\Sphere.cpp">
      <Filter>소스 파일</Filter>
    </ClCompile>
    <ClCompile Include="Objects\Character\Character\HW_Character_Transform.cpp">
      <Filter>소스 파일</Filter>
    </ClCompile>
    <ClCompile Include="Objects\Character\Character\HW_Hero.cpp">
      <Filter>소스 파일</Filter>
    </ClCompile>
    <ClCompile Include="Objects\Character\Monster\PackMan_Monster\HW_Packman_Monster.cpp">
      <Filter>소스 파일</Filter>
    </ClCompile>
    <ClCompile Include="Objects\Character\HW_Basic_Character.cpp">
      <Filter>소스 파일</Filter>
    </ClCompile>
    <ClCompile Include="Objects\DataManager\DataManager.cpp">
      <Filter>소스 파일</Filter>
    </ClCompile>
    <ClCompile Include="Objects\Dungeon\HW_Dungeon.cpp">
      <Filter>소스 파일</Filter>
    </ClCompile>
    <ClCompile Include="Objects\Dungeon\HW_Pacman_Map.cpp">
      <Filter>소스 파일</Filter>
    </ClCompile>
    <ClCompile Include="Objects\LandScape\Terrain.cpp">
      <Filter>소스 파일</Filter>
    </ClCompile>
    <ClCompile Include="Objects\Material\Material_File_Manager.cpp">
      <Filter>소스 파일</Filter>
    </ClCompile>
    <ClCompile Include="Objects\Object\Collider\HW_RectCollider.cpp">
      <Filter>소스 파일</Filter>
    </ClCompile>
    <ClCompile Include="Objects\Object\HW_Objects.cpp">
      <Filter>소스 파일</Filter>
    </ClCompile>
    <ClCompile Include="Objects\Singleton\HW_Map_Manager.cpp">
      <Filter>소스 파일</Filter>
    </ClCompile>
    <ClCompile Include="Objects\Singleton\HW_Object_Character.cpp">
      <Filter>소스 파일</Filter>
    </ClCompile>
    <ClCompile Include="Scene\GridScene.cpp">
      <Filter>소스 파일</Filter>
    </ClCompile>
    <ClCompile Include="Scene\HW_Scene.cpp">
      <Filter>소스 파일</Filter>
    </ClCompile>
  </ItemGroup>
  <ItemGroup>
    <ResourceCompile Include="Project1.rc">
      <Filter>리소스 파일</Filter>
    </ResourceCompile>
  </ItemGroup>
  <ItemGroup>
    <Image Include="small.ico">
      <Filter>리소스 파일</Filter>
    </Image>
    <Image Include="Project1.ico">
      <Filter>리소스 파일</Filter>
    </Image>
  </ItemGroup>
  <ItemGroup>
    <None Include="Shaders\PixelHeader.hlsli" />
    <None Include="Shaders\VertexHeader.hlsli" />
  </ItemGroup>
  <ItemGroup>
    <FxCompile Include="Shaders\Basic\Collider.hlsl" />
    <FxCompile Include="Shaders\Basic\Grid.hlsl" />
    <FxCompile Include="Shaders\Basic\Texture.hlsl" />
    <FxCompile Include="Shaders\Instancing\Instancing.hlsl" />
    <FxCompile Include="Shaders\Instancing\ModelAnimatorInstancing.hlsl" />
    <FxCompile Include="Shaders\Instancing\ModelInstancing.hlsl" />
    <FxCompile Include="Shaders\LandScape\Terrain.hlsl" />
    <FxCompile Include="Shaders\LandScape\TerrainEditor.hlsl" />
    <FxCompile Include="Shaders\Light\DiffuseLight.hlsl" />
    <FxCompile Include="Shaders\Light\NormalMapping.hlsl" />
    <FxCompile Include="Shaders\Light\SpecularLight.hlsl" />
    <FxCompile Include="Shaders\Model\Model.hlsl" />
    <FxCompile Include="Shaders\PacManShaders\HW_Instancing_Light.hlsl" />
    <FxCompile Include="Shaders\PacManShaders\HW_Model_Animator_InstancingShader.hlsl" />
    <FxCompile Include="Shaders\PacManShaders\HW_Model_InstancingShader.hlsl" />
  </ItemGroup>
</Project>